
Microsoft Visual Studio Solution File, Format Version 12.00
Project("{FAE04EC0-301F-11D3-BF4B-00C04F79EFBC}") = "VRCWLocalLoader", "VRCWLocalLoader\VRCWLocalLoader.csproj", "{0EB4FC26-954F-4A80-8E2B-6BC2FB14410F}"
EndProject
Global
	GlobalSection(SolutionConfigurationPlatforms) = preSolution
		Debug|Any CPU = Debug|Any CPU
		Release|Any CPU = Release|Any CPU
	EndGlobalSection
	GlobalSection(ProjectConfigurationPlatforms) = postSolution
		{0EB4FC26-954F-4A80-8E2B-6BC2FB14410F}.Debug|Any CPU.ActiveCfg = Debug|Any CPU
		{0EB4FC26-954F-4A80-8E2B-6BC2FB14410F}.Debug|Any CPU.Build.0 = Debug|Any CPU
		{0EB4FC26-954F-4A80-8E2B-6BC2FB14410F}.Release|Any CPU.ActiveCfg = Release|Any CPU
		{0EB4FC26-954F-4A80-8E2B-6BC2FB14410F}.Release|Any CPU.Build.0 = Release|Any CPU
	EndGlobalSection
EndGlobal
